<?xml version="1.0" encoding="utf-8"?>
<Project ToolsVersion="4.0" xmlns="http://schemas.microsoft.com/developer/msbuild/2003">
  <ItemGroup>
    <Filter Include="Source Files">
      <UniqueIdentifier>{4FC737F1-C7A5-4376-A066-2A32D752A2FF}</UniqueIdentifier>
      <Extensions>cpp;c;cc;cxx;def;odl;idl;hpj;bat;asm;asmx</Extensions>
    </Filter>
    <Filter Include="Header Files">
      <UniqueIdentifier>{93995380-89BD-4b04-88EB-625FBE52EBFB}</UniqueIdentifier>
      <Extensions>h;hh;hpp;hxx;hm;inl;inc;xsd</Extensions>
    </Filter>
    <Filter Include="Resource Files">
      <UniqueIdentifier>{67DA6AB6-F800-4c08-8B7A-83BB121AAD01}</UniqueIdentifier>
      <Extensions>rc;ico;cur;bmp;dlg;rc2;rct;bin;rgs;gif;jpg;jpeg;jpe;resx;tiff;tif;png;wav;mfcribbon-ms</Extensions>
    </Filter>
    <Filter Include="Source Files\TMX">
      <UniqueIdentifier>{f5865bb9-9ce9-4e3b-bb74-297bd47031f9}</UniqueIdentifier>
    </Filter>
    <Filter Include="Source Files\RapidXML">
      <UniqueIdentifier>{d2fbced5-9ff4-44dd-8a0c-148ad55f613e}</UniqueIdentifier>
    </Filter>
    <Filter Include="Source Files\Lua">
      <UniqueIdentifier>{f66829cc-4b39-4812-9151-1e2e78c29ef5}</UniqueIdentifier>
    </Filter>
    <Filter Include="Source Files\AngelScript">
      <UniqueIdentifier>{e97c5f93-4360-43b1-b68a-71c4bed3200c}</UniqueIdentifier>
    </Filter>
    <Filter Include="Header Files\AngelScript">
      <UniqueIdentifier>{7cacd1bc-b74b-4ec9-b95b-3764fef5cec6}</UniqueIdentifier>
    </Filter>
    <Filter Include="Source Files\AngelScript\add_on">
      <UniqueIdentifier>{d8d96fe7-5dae-47a7-ba92-6c22db9d4b85}</UniqueIdentifier>
    </Filter>
    <Filter Include="Source Files\AngelScript\add_on\scriptbuilder">
      <UniqueIdentifier>{e567ae76-4de5-4377-adbf-2c9b28cf4183}</UniqueIdentifier>
    </Filter>
    <Filter Include="Source Files\AngelScript\add_on\scriptstdstring">
      <UniqueIdentifier>{cf1c6b37-ca75-44e1-8f7e-d9f36397e573}</UniqueIdentifier>
    </Filter>
    <Filter Include="Source Files\AngelScript\add_on\scriptarray">
      <UniqueIdentifier>{6ccf10ca-9ea1-4074-a9bd-75b611013812}</UniqueIdentifier>
    </Filter>
    <Filter Include="Source Files\AngelScript\add_on\scriptweakref">
      <UniqueIdentifier>{b7be84bb-918a-4623-8221-db0bfa71e96f}</UniqueIdentifier>
    </Filter>
    <Filter Include="Source Files\AngelScript\add_on\scripthandle">
      <UniqueIdentifier>{c0b48849-3207-40a9-b16a-a408d19086e0}</UniqueIdentifier>
    </Filter>
  </ItemGroup>
  <ItemGroup>
    <Text Include="ReadMe.txt" />
    <Text Include="TODO.txt" />
  </ItemGroup>
  <ItemGroup>
    <ClInclude Include="stdafx.h">
      <Filter>Header Files</Filter>
    </ClInclude>
    <ClInclude Include="targetver.h">
      <Filter>Header Files</Filter>
    </ClInclude>
    <ClInclude Include="json.hpp">
      <Filter>Source Files</Filter>
    </ClInclude>
    <ClInclude Include="Branding.h">
      <Filter>Header Files</Filter>
    </ClInclude>
    <ClInclude Include="rMath.h">
      <Filter>Header Files</Filter>
    </ClInclude>
    <ClInclude Include="rScript.h">
      <Filter>Header Files</Filter>
    </ClInclude>
    <ClInclude Include="rPlayer.h">
      <Filter>Header Files</Filter>
    </ClInclude>
    <ClInclude Include="rBitmap.h">
      <Filter>Header Files</Filter>
    </ClInclude>
    <ClInclude Include="rEntity.h">
      <Filter>Header Files</Filter>
    </ClInclude>
    <ClInclude Include="rWorld.h">
      <Filter>Header Files</Filter>
    </ClInclude>
    <ClInclude Include="rTile.h">
      <Filter>Header Files</Filter>
    </ClInclude>
    <ClInclude Include="tmx\NLTmxMap.h">
      <Filter>Source Files\TMX</Filter>
    </ClInclude>
    <ClInclude Include="RapidXML\rapidxml.hpp">
      <Filter>Source Files\RapidXML</Filter>
    </ClInclude>
    <ClInclude Include="RapidXML\rapidxml_iterators.hpp">
      <Filter>Source Files\RapidXML</Filter>
    </ClInclude>
    <ClInclude Include="RapidXML\rapidxml_print.hpp">
      <Filter>Source Files\RapidXML</Filter>
    </ClInclude>
    <ClInclude Include="RapidXML\rapidxml_utils.hpp">
      <Filter>Source Files\RapidXML</Filter>
    </ClInclude>
    <ClInclude Include="rMap.h">
      <Filter>Header Files</Filter>
    </ClInclude>
    <ClInclude Include="Lua\lapi.h">
      <Filter>Source Files\Lua</Filter>
    </ClInclude>
    <ClInclude Include="Lua\lauxlib.h">
      <Filter>Source Files\Lua</Filter>
    </ClInclude>
    <ClInclude Include="Lua\lcode.h">
      <Filter>Source Files\Lua</Filter>
    </ClInclude>
    <ClInclude Include="Lua\lctype.h">
      <Filter>Source Files\Lua</Filter>
    </ClInclude>
    <ClInclude Include="Lua\ldebug.h">
      <Filter>Source Files\Lua</Filter>
    </ClInclude>
    <ClInclude Include="Lua\ldo.h">
      <Filter>Source Files\Lua</Filter>
    </ClInclude>
    <ClInclude Include="Lua\lfunc.h">
      <Filter>Source Files\Lua</Filter>
    </ClInclude>
    <ClInclude Include="Lua\lgc.h">
      <Filter>Source Files\Lua</Filter>
    </ClInclude>
    <ClInclude Include="Lua\llex.h">
      <Filter>Source Files\Lua</Filter>
    </ClInclude>
    <ClInclude Include="Lua\llimits.h">
      <Filter>Source Files\Lua</Filter>
    </ClInclude>
    <ClInclude Include="Lua\lmem.h">
      <Filter>Source Files\Lua</Filter>
    </ClInclude>
    <ClInclude Include="Lua\lobject.h">
      <Filter>Source Files\Lua</Filter>
    </ClInclude>
    <ClInclude Include="Lua\lopcodes.h">
      <Filter>Source Files\Lua</Filter>
    </ClInclude>
    <ClInclude Include="Lua\lparser.h">
      <Filter>Source Files\Lua</Filter>
    </ClInclude>
    <ClInclude Include="Lua\lprefix.h">
      <Filter>Source Files\Lua</Filter>
    </ClInclude>
    <ClInclude Include="Lua\lstate.h">
      <Filter>Source Files\Lua</Filter>
    </ClInclude>
    <ClInclude Include="Lua\lstring.h">
      <Filter>Source Files\Lua</Filter>
    </ClInclude>
    <ClInclude Include="Lua\ltable.h">
      <Filter>Source Files\Lua</Filter>
    </ClInclude>
    <ClInclude Include="Lua\ltm.h">
      <Filter>Source Files\Lua</Filter>
    </ClInclude>
    <ClInclude Include="Lua\lua.h">
      <Filter>Source Files\Lua</Filter>
    </ClInclude>
    <ClInclude Include="Lua\lua.hpp">
      <Filter>Source Files\Lua</Filter>
    </ClInclude>
    <ClInclude Include="Lua\luaconf.h">
      <Filter>Source Files\Lua</Filter>
    </ClInclude>
    <ClInclude Include="Lua\lualib.h">
      <Filter>Source Files\Lua</Filter>
    </ClInclude>
    <ClInclude Include="Lua\lundump.h">
      <Filter>Source Files\Lua</Filter>
    </ClInclude>
    <ClInclude Include="Lua\lvm.h">
      <Filter>Source Files\Lua</Filter>
    </ClInclude>
    <ClInclude Include="Lua\lzio.h">
      <Filter>Source Files\Lua</Filter>
    </ClInclude>
    <ClInclude Include="rMenu.h">
      <Filter>Header Files</Filter>
    </ClInclude>
    <ClInclude Include="rUI.h">
      <Filter>Header Files</Filter>
    </ClInclude>
    <ClInclude Include="AngelScript\source\as_array.h">
      <Filter>Source Files\AngelScript</Filter>
    </ClInclude>
    <ClInclude Include="AngelScript\source\as_atomic.h">
      <Filter>Source Files\AngelScript</Filter>
    </ClInclude>
    <ClInclude Include="AngelScript\source\as_builder.h">
      <Filter>Source Files\AngelScript</Filter>
    </ClInclude>
    <ClInclude Include="AngelScript\source\as_bytecode.h">
      <Filter>Source Files\AngelScript</Filter>
    </ClInclude>
    <ClInclude Include="AngelScript\source\as_callfunc.h">
      <Filter>Source Files\AngelScript</Filter>
    </ClInclude>
    <ClInclude Include="AngelScript\source\as_compiler.h">
      <Filter>Source Files\AngelScript</Filter>
    </ClInclude>
    <ClInclude Include="AngelScript\source\as_config.h">
      <Filter>Source Files\AngelScript</Filter>
    </ClInclude>
    <ClInclude Include="AngelScript\source\as_configgroup.h">
      <Filter>Source Files\AngelScript</Filter>
    </ClInclude>
    <ClInclude Include="AngelScript\source\as_context.h">
      <Filter>Source Files\AngelScript</Filter>
    </ClInclude>
    <ClInclude Include="AngelScript\source\as_criticalsection.h">
      <Filter>Source Files\AngelScript</Filter>
    </ClInclude>
    <ClInclude Include="AngelScript\source\as_datatype.h">
      <Filter>Source Files\AngelScript</Filter>
    </ClInclude>
    <ClInclude Include="AngelScript\source\as_debug.h">
      <Filter>Source Files\AngelScript</Filter>
    </ClInclude>
    <ClInclude Include="AngelScript\source\as_gc.h">
      <Filter>Source Files\AngelScript</Filter>
    </ClInclude>
    <ClInclude Include="AngelScript\source\as_generic.h">
      <Filter>Source Files\AngelScript</Filter>
    </ClInclude>
    <ClInclude Include="AngelScript\source\as_map.h">
      <Filter>Source Files\AngelScript</Filter>
    </ClInclude>
    <ClInclude Include="AngelScript\source\as_memory.h">
      <Filter>Source Files\AngelScript</Filter>
    </ClInclude>
    <ClInclude Include="AngelScript\source\as_module.h">
      <Filter>Source Files\AngelScript</Filter>
    </ClInclude>
    <ClInclude Include="AngelScript\source\as_namespace.h">
      <Filter>Source Files\AngelScript</Filter>
    </ClInclude>
    <ClInclude Include="AngelScript\source\as_objecttype.h">
      <Filter>Source Files\AngelScript</Filter>
    </ClInclude>
    <ClInclude Include="AngelScript\source\as_outputbuffer.h">
      <Filter>Source Files\AngelScript</Filter>
    </ClInclude>
    <ClInclude Include="AngelScript\source\as_parser.h">
      <Filter>Source Files\AngelScript</Filter>
    </ClInclude>
    <ClInclude Include="AngelScript\source\as_property.h">
      <Filter>Source Files\AngelScript</Filter>
    </ClInclude>
    <ClInclude Include="AngelScript\source\as_restore.h">
      <Filter>Source Files\AngelScript</Filter>
    </ClInclude>
    <ClInclude Include="AngelScript\source\as_scriptcode.h">
      <Filter>Source Files\AngelScript</Filter>
    </ClInclude>
    <ClInclude Include="AngelScript\source\as_scriptengine.h">
      <Filter>Source Files\AngelScript</Filter>
    </ClInclude>
    <ClInclude Include="AngelScript\source\as_scriptfunction.h">
      <Filter>Source Files\AngelScript</Filter>
    </ClInclude>
    <ClInclude Include="AngelScript\source\as_scriptnode.h">
      <Filter>Source Files\AngelScript</Filter>
    </ClInclude>
    <ClInclude Include="AngelScript\source\as_scriptobject.h">
      <Filter>Source Files\AngelScript</Filter>
    </ClInclude>
    <ClInclude Include="AngelScript\source\as_string.h">
      <Filter>Source Files\AngelScript</Filter>
    </ClInclude>
    <ClInclude Include="AngelScript\source\as_string_util.h">
      <Filter>Source Files\AngelScript</Filter>
    </ClInclude>
    <ClInclude Include="AngelScript\source\as_symboltable.h">
      <Filter>Source Files\AngelScript</Filter>
    </ClInclude>
    <ClInclude Include="AngelScript\source\as_texts.h">
      <Filter>Source Files\AngelScript</Filter>
    </ClInclude>
    <ClInclude Include="AngelScript\source\as_thread.h">
      <Filter>Source Files\AngelScript</Filter>
    </ClInclude>
    <ClInclude Include="AngelScript\source\as_tokendef.h">
      <Filter>Source Files\AngelScript</Filter>
    </ClInclude>
    <ClInclude Include="AngelScript\source\as_tokenizer.h">
      <Filter>Source Files\AngelScript</Filter>
    </ClInclude>
    <ClInclude Include="AngelScript\source\as_typeinfo.h">
      <Filter>Source Files\AngelScript</Filter>
    </ClInclude>
    <ClInclude Include="AngelScript\source\as_variablescope.h">
      <Filter>Source Files\AngelScript</Filter>
    </ClInclude>
    <ClInclude Include="AngelScript\include\angelscript.h">
      <Filter>Header Files\AngelScript</Filter>
    </ClInclude>
    <ClInclude Include="AngelScript\add_on\scriptstdstring\scriptstdstring.h">
      <Filter>Source Files\AngelScript\add_on\scriptstdstring</Filter>
    </ClInclude>
    <ClInclude Include="AngelScript\add_on\scriptbuilder\scriptbuilder.h">
      <Filter>Source Files\AngelScript\add_on\scriptbuilder</Filter>
    </ClInclude>
    <ClInclude Include="AngelScript\add_on\scriptarray\scriptarray.h">
      <Filter>Source Files\AngelScript\add_on\scriptarray</Filter>
    </ClInclude>
    <ClInclude Include="AngelScript\add_on\weakref\weakref.h">
      <Filter>Source Files\AngelScript\add_on\scriptweakref</Filter>
    </ClInclude>
    <ClInclude Include="AngelScript\add_on\scripthandle\scripthandle.h">
      <Filter>Source Files\AngelScript\add_on\scripthandle</Filter>
    </ClInclude>
    <ClInclude Include="Common.h">
      <Filter>Header Files</Filter>
    </ClInclude>
    <ClInclude Include="rEntityScriptWrapper.h">
      <Filter>Header Files</Filter>
    </ClInclude>
    <ClInclude Include="rData.h">
      <Filter>Header Files</Filter>
    </ClInclude>
    <ClInclude Include="rLoadQueue.h">
      <Filter>Header Files</Filter>
    </ClInclude>
    <ClInclude Include="rDialogue.h">
      <Filter>Header Files</Filter>
    </ClInclude>
    <ClInclude Include="rScriptEngineHelper.h">
      <Filter>Header Files</Filter>
    </ClInclude>
  </ItemGroup>
  <ItemGroup>
    <ClCompile Include="stdafx.cpp">
      <Filter>Source Files</Filter>
    </ClCompile>
    <ClCompile Include="RPGEngine.cpp">
      <Filter>Source Files</Filter>
    </ClCompile>
    <ClCompile Include="Common.cpp">
      <Filter>Source Files</Filter>
    </ClCompile>
    <ClCompile Include="rMath.cpp">
      <Filter>Source Files</Filter>
    </ClCompile>
    <ClCompile Include="rScript.cpp">
      <Filter>Source Files</Filter>
    </ClCompile>
    <ClCompile Include="rPlayer.cpp">
      <Filter>Source Files</Filter>
    </ClCompile>
    <ClCompile Include="rBitmap.cpp">
      <Filter>Source Files</Filter>
    </ClCompile>
    <ClCompile Include="rEntity.cpp">
      <Filter>Source Files</Filter>
    </ClCompile>
    <ClCompile Include="rWorld.cpp">
      <Filter>Source Files</Filter>
    </ClCompile>
    <ClCompile Include="rTile.cpp">
      <Filter>Source Files</Filter>
    </ClCompile>
    <ClCompile Include="tmx\NLTmxMap.cpp">
      <Filter>Source Files\TMX</Filter>
    </ClCompile>
    <ClCompile Include="rMap.cpp">
      <Filter>Source Files</Filter>
    </ClCompile>
    <ClCompile Include="Lua\lapi.c">
      <Filter>Source Files\Lua</Filter>
    </ClCompile>
    <ClCompile Include="Lua\lauxlib.c">
      <Filter>Source Files\Lua</Filter>
    </ClCompile>
    <ClCompile Include="Lua\lbaselib.c">
      <Filter>Source Files\Lua</Filter>
    </ClCompile>
    <ClCompile Include="Lua\lbitlib.c">
      <Filter>Source Files\Lua</Filter>
    </ClCompile>
    <ClCompile Include="Lua\lcode.c">
      <Filter>Source Files\Lua</Filter>
    </ClCompile>
    <ClCompile Include="Lua\lcorolib.c">
      <Filter>Source Files\Lua</Filter>
    </ClCompile>
    <ClCompile Include="Lua\lctype.c">
      <Filter>Source Files\Lua</Filter>
    </ClCompile>
    <ClCompile Include="Lua\ldblib.c">
      <Filter>Source Files\Lua</Filter>
    </ClCompile>
    <ClCompile Include="Lua\ldebug.c">
      <Filter>Source Files\Lua</Filter>
    </ClCompile>
    <ClCompile Include="Lua\ldo.c">
      <Filter>Source Files\Lua</Filter>
    </ClCompile>
    <ClCompile Include="Lua\ldump.c">
      <Filter>Source Files\Lua</Filter>
    </ClCompile>
    <ClCompile Include="Lua\lfunc.c">
      <Filter>Source Files\Lua</Filter>
    </ClCompile>
    <ClCompile Include="Lua\lgc.c">
      <Filter>Source Files\Lua</Filter>
    </ClCompile>
    <ClCompile Include="Lua\linit.c">
      <Filter>Source Files\Lua</Filter>
    </ClCompile>
    <ClCompile Include="Lua\liolib.c">
      <Filter>Source Files\Lua</Filter>
    </ClCompile>
    <ClCompile Include="Lua\llex.c">
      <Filter>Source Files\Lua</Filter>
    </ClCompile>
    <ClCompile Include="Lua\lmathlib.c">
      <Filter>Source Files\Lua</Filter>
    </ClCompile>
    <ClCompile Include="Lua\lmem.c">
      <Filter>Source Files\Lua</Filter>
    </ClCompile>
    <ClCompile Include="Lua\loadlib.c">
      <Filter>Source Files\Lua</Filter>
    </ClCompile>
    <ClCompile Include="Lua\lobject.c">
      <Filter>Source Files\Lua</Filter>
    </ClCompile>
    <ClCompile Include="Lua\lopcodes.c">
      <Filter>Source Files\Lua</Filter>
    </ClCompile>
    <ClCompile Include="Lua\loslib.c">
      <Filter>Source Files\Lua</Filter>
    </ClCompile>
    <ClCompile Include="Lua\lparser.c">
      <Filter>Source Files\Lua</Filter>
    </ClCompile>
    <ClCompile Include="Lua\lstate.c">
      <Filter>Source Files\Lua</Filter>
    </ClCompile>
    <ClCompile Include="Lua\lstring.c">
      <Filter>Source Files\Lua</Filter>
    </ClCompile>
    <ClCompile Include="Lua\lstrlib.c">
      <Filter>Source Files\Lua</Filter>
    </ClCompile>
    <ClCompile Include="Lua\ltable.c">
      <Filter>Source Files\Lua</Filter>
    </ClCompile>
    <ClCompile Include="Lua\ltablib.c">
      <Filter>Source Files\Lua</Filter>
    </ClCompile>
    <ClCompile Include="Lua\ltm.c">
      <Filter>Source Files\Lua</Filter>
    </ClCompile>
    <ClCompile Include="Lua\lundump.c">
      <Filter>Source Files\Lua</Filter>
    </ClCompile>
    <ClCompile Include="Lua\lutf8lib.c">
      <Filter>Source Files\Lua</Filter>
    </ClCompile>
    <ClCompile Include="Lua\lvm.c">
      <Filter>Source Files\Lua</Filter>
    </ClCompile>
    <ClCompile Include="Lua\lzio.c">
      <Filter>Source Files\Lua</Filter>
    </ClCompile>
    <ClCompile Include="rMenu.cpp">
      <Filter>Source Files</Filter>
    </ClCompile>
    <ClCompile Include="rUI.cpp">
      <Filter>Source Files</Filter>
    </ClCompile>
    <ClCompile Include="AngelScript\source\as_atomic.cpp">
      <Filter>Source Files\AngelScript</Filter>
    </ClCompile>
    <ClCompile Include="AngelScript\source\as_builder.cpp">
      <Filter>Source Files\AngelScript</Filter>
    </ClCompile>
    <ClCompile Include="AngelScript\source\as_bytecode.cpp">
      <Filter>Source Files\AngelScript</Filter>
    </ClCompile>
    <ClCompile Include="AngelScript\source\as_callfunc.cpp">
      <Filter>Source Files\AngelScript</Filter>
    </ClCompile>
    <ClCompile Include="AngelScript\source\as_callfunc_arm.cpp">
      <Filter>Source Files\AngelScript</Filter>
    </ClCompile>
    <ClCompile Include="AngelScript\source\as_callfunc_mips.cpp">
      <Filter>Source Files\AngelScript</Filter>
    </ClCompile>
    <ClCompile Include="AngelScript\source\as_callfunc_ppc.cpp">
      <Filter>Source Files\AngelScript</Filter>
    </ClCompile>
    <ClCompile Include="AngelScript\source\as_callfunc_ppc_64.cpp">
      <Filter>Source Files\AngelScript</Filter>
    </ClCompile>
    <ClCompile Include="AngelScript\source\as_callfunc_sh4.cpp">
      <Filter>Source Files\AngelScript</Filter>
    </ClCompile>
    <ClCompile Include="AngelScript\source\as_callfunc_x64_gcc.cpp">
      <Filter>Source Files\AngelScript</Filter>
    </ClCompile>
    <ClCompile Include="AngelScript\source\as_callfunc_x64_mingw.cpp">
      <Filter>Source Files\AngelScript</Filter>
    </ClCompile>
    <ClCompile Include="AngelScript\source\as_callfunc_x64_msvc.cpp">
      <Filter>Source Files\AngelScript</Filter>
    </ClCompile>
    <ClCompile Include="AngelScript\source\as_callfunc_x86.cpp">
      <Filter>Source Files\AngelScript</Filter>
    </ClCompile>
    <ClCompile Include="AngelScript\source\as_callfunc_xenon.cpp">
      <Filter>Source Files\AngelScript</Filter>
    </ClCompile>
    <ClCompile Include="AngelScript\source\as_compiler.cpp">
      <Filter>Source Files\AngelScript</Filter>
    </ClCompile>
    <ClCompile Include="AngelScript\source\as_configgroup.cpp">
      <Filter>Source Files\AngelScript</Filter>
    </ClCompile>
    <ClCompile Include="AngelScript\source\as_context.cpp">
      <Filter>Source Files\AngelScript</Filter>
    </ClCompile>
    <ClCompile Include="AngelScript\source\as_datatype.cpp">
      <Filter>Source Files\AngelScript</Filter>
    </ClCompile>
    <ClCompile Include="AngelScript\source\as_gc.cpp">
      <Filter>Source Files\AngelScript</Filter>
    </ClCompile>
    <ClCompile Include="AngelScript\source\as_generic.cpp">
      <Filter>Source Files\AngelScript</Filter>
    </ClCompile>
    <ClCompile Include="AngelScript\source\as_globalproperty.cpp">
      <Filter>Source Files\AngelScript</Filter>
    </ClCompile>
    <ClCompile Include="AngelScript\source\as_memory.cpp">
      <Filter>Source Files\AngelScript</Filter>
    </ClCompile>
    <ClCompile Include="AngelScript\source\as_module.cpp">
      <Filter>Source Files\AngelScript</Filter>
    </ClCompile>
    <ClCompile Include="AngelScript\source\as_objecttype.cpp">
      <Filter>Source Files\AngelScript</Filter>
    </ClCompile>
    <ClCompile Include="AngelScript\source\as_outputbuffer.cpp">
      <Filter>Source Files\AngelScript</Filter>
    </ClCompile>
    <ClCompile Include="AngelScript\source\as_parser.cpp">
      <Filter>Source Files\AngelScript</Filter>
    </ClCompile>
    <ClCompile Include="AngelScript\source\as_restore.cpp">
      <Filter>Source Files\AngelScript</Filter>
    </ClCompile>
    <ClCompile Include="AngelScript\source\as_scriptcode.cpp">
      <Filter>Source Files\AngelScript</Filter>
    </ClCompile>
    <ClCompile Include="AngelScript\source\as_scriptengine.cpp">
      <Filter>Source Files\AngelScript</Filter>
    </ClCompile>
    <ClCompile Include="AngelScript\source\as_scriptfunction.cpp">
      <Filter>Source Files\AngelScript</Filter>
    </ClCompile>
    <ClCompile Include="AngelScript\source\as_scriptnode.cpp">
      <Filter>Source Files\AngelScript</Filter>
    </ClCompile>
    <ClCompile Include="AngelScript\source\as_scriptobject.cpp">
      <Filter>Source Files\AngelScript</Filter>
    </ClCompile>
    <ClCompile Include="AngelScript\source\as_string.cpp">
      <Filter>Source Files\AngelScript</Filter>
    </ClCompile>
    <ClCompile Include="AngelScript\source\as_string_util.cpp">
      <Filter>Source Files\AngelScript</Filter>
    </ClCompile>
    <ClCompile Include="AngelScript\source\as_thread.cpp">
      <Filter>Source Files\AngelScript</Filter>
    </ClCompile>
    <ClCompile Include="AngelScript\source\as_tokenizer.cpp">
      <Filter>Source Files\AngelScript</Filter>
    </ClCompile>
    <ClCompile Include="AngelScript\source\as_typeinfo.cpp">
      <Filter>Source Files\AngelScript</Filter>
    </ClCompile>
    <ClCompile Include="AngelScript\source\as_variablescope.cpp">
      <Filter>Source Files\AngelScript</Filter>
    </ClCompile>
    <ClCompile Include="AngelScript\add_on\scriptstdstring\scriptstdstring.cpp">
      <Filter>Source Files\AngelScript\add_on\scriptstdstring</Filter>
    </ClCompile>
    <ClCompile Include="AngelScript\add_on\scriptstdstring\scriptstdstring_utils.cpp">
      <Filter>Source Files\AngelScript\add_on\scriptstdstring</Filter>
    </ClCompile>
    <ClCompile Include="AngelScript\add_on\scriptbuilder\scriptbuilder.cpp">
      <Filter>Source Files\AngelScript\add_on\scriptbuilder</Filter>
    </ClCompile>
    <ClCompile Include="AngelScript\add_on\scriptarray\scriptarray.cpp">
      <Filter>Source Files\AngelScript\add_on\scriptarray</Filter>
    </ClCompile>
    <ClCompile Include="AngelScript\add_on\weakref\weakref.cpp">
      <Filter>Source Files\AngelScript\add_on\scriptweakref</Filter>
    </ClCompile>
    <ClCompile Include="AngelScript\add_on\scripthandle\scripthandle.cpp">
      <Filter>Source Files\AngelScript\add_on\scripthandle</Filter>
    </ClCompile>
    <ClCompile Include="rEntityScriptWrapper.cpp">
      <Filter>Source Files</Filter>
    </ClCompile>
    <ClCompile Include="rData.cpp">
      <Filter>Source Files</Filter>
    </ClCompile>
    <ClCompile Include="rLoadQueue.cpp">
      <Filter>Source Files</Filter>
    </ClCompile>
    <ClCompile Include="rDialogue.cpp">
      <Filter>Source Files</Filter>
    </ClCompile>
    <ClCompile Include="rScriptEngineHelper.cpp">
      <Filter>Source Files</Filter>
    </ClCompile>
  </ItemGroup>
  <ItemGroup>
    <None Include="packages.config" />
    <None Include="AngelScript\source\as_callfunc_arm_gcc.S">
      <Filter>Source Files\AngelScript</Filter>
    </None>
    <None Include="AngelScript\source\as_callfunc_arm_msvc.asm">
      <Filter>Source Files\AngelScript</Filter>
    </None>
    <None Include="AngelScript\source\as_callfunc_arm_vita.S">
      <Filter>Source Files\AngelScript</Filter>
    </None>
    <None Include="AngelScript\source\as_callfunc_arm_xcode.S">
      <Filter>Source Files\AngelScript</Filter>
    </None>
    <None Include="AngelScript\source\as_callfunc_x64_msvc_asm.asm">
      <Filter>Source Files\AngelScript</Filter>
    </None>
  </ItemGroup>
</Project>