
Microsoft Visual Studio Solution File, Format Version 12.00
# Visual Studio 14
VisualStudioVersion = 14.0.25420.1
MinimumVisualStudioVersion = 10.0.40219.1
Project("{8BC9CEB8-8B4A-11D0-8D11-00A0C91BC942}") = "RPGEngine", "RPGEngine\RPGEngine.vcxproj", "{4269BBED-CBE6-4EB5-9EA8-08DA683EADFE}"
EndProject
Project("{8BC9CEB8-8B4A-11D0-8D11-00A0C91BC942}") = "RPGMenuCompiler", "RPGMenuCompiler\RPGMenuCompiler.vcxproj", "{C19868A5-6309-4D93-93B7-117780FA9427}"
EndProject
Project("{FAE04EC0-301F-11D3-BF4B-00C04F79EFBC}") = "RPGEngineManager", "RPGEngineManager\RPGEngineManager.csproj", "{9EB4E3EC-C658-43B3-8108-8C1AEBEA964F}"
EndProject
Global
	GlobalSection(SolutionConfigurationPlatforms) = preSolution
		Debug|Any CPU = Debug|Any CPU
		Debug|ARM = Debug|ARM
		Debug|ARM64 = Debug|ARM64
		Debug|x64 = Debug|x64
		Debug|x86 = Debug|x86
		Release|Any CPU = Release|Any CPU
		Release|ARM = Release|ARM
		Release|ARM64 = Release|ARM64
		Release|x64 = Release|x64
		Release|x86 = Release|x86
	EndGlobalSection
	GlobalSection(ProjectConfigurationPlatforms) = postSolution
		{4269BBED-CBE6-4EB5-9EA8-08DA683EADFE}.Debug|Any CPU.ActiveCfg = Debug|Win32
		{4269BBED-CBE6-4EB5-9EA8-08DA683EADFE}.Debug|ARM.ActiveCfg = Debug|Win32
		{4269BBED-CBE6-4EB5-9EA8-08DA683EADFE}.Debug|ARM64.ActiveCfg = Debug|Win32
		{4269BBED-CBE6-4EB5-9EA8-08DA683EADFE}.Debug|x64.ActiveCfg = Debug|x64
		{4269BBED-CBE6-4EB5-9EA8-08DA683EADFE}.Debug|x64.Build.0 = Debug|x64
		{4269BBED-CBE6-4EB5-9EA8-08DA683EADFE}.Debug|x86.ActiveCfg = Debug|Win32
		{4269BBED-CBE6-4EB5-9EA8-08DA683EADFE}.Debug|x86.Build.0 = Debug|Win32
		{4269BBED-CBE6-4EB5-9EA8-08DA683EADFE}.Release|Any CPU.ActiveCfg = Release|Win32
		{4269BBED-CBE6-4EB5-9EA8-08DA683EADFE}.Release|ARM.ActiveCfg = Release|Win32
		{4269BBED-CBE6-4EB5-9EA8-08DA683EADFE}.Release|ARM64.ActiveCfg = Release|Win32
		{4269BBED-CBE6-4EB5-9EA8-08DA683EADFE}.Release|x64.ActiveCfg = Release|x64
		{4269BBED-CBE6-4EB5-9EA8-08DA683EADFE}.Release|x64.Build.0 = Release|x64
		{4269BBED-CBE6-4EB5-9EA8-08DA683EADFE}.Release|x86.ActiveCfg = Release|Win32
		{4269BBED-CBE6-4EB5-9EA8-08DA683EADFE}.Release|x86.Build.0 = Release|Win32
		{C19868A5-6309-4D93-93B7-117780FA9427}.Debug|Any CPU.ActiveCfg = Debug|Win32
		{C19868A5-6309-4D93-93B7-117780FA9427}.Debug|ARM.ActiveCfg = Debug|Win32
		{C19868A5-6309-4D93-93B7-117780FA9427}.Debug|ARM64.ActiveCfg = Debug|Win32
		{C19868A5-6309-4D93-93B7-117780FA9427}.Debug|x64.ActiveCfg = Debug|x64
		{C19868A5-6309-4D93-93B7-117780FA9427}.Debug|x64.Build.0 = Debug|x64
		{C19868A5-6309-4D93-93B7-117780FA9427}.Debug|x86.ActiveCfg = Debug|Win32
		{C19868A5-6309-4D93-93B7-117780FA9427}.Debug|x86.Build.0 = Debug|Win32
		{C19868A5-6309-4D93-93B7-117780FA9427}.Release|Any CPU.ActiveCfg = Release|Win32
		{C19868A5-6309-4D93-93B7-117780FA9427}.Release|ARM.ActiveCfg = Release|Win32
		{C19868A5-6309-4D93-93B7-117780FA9427}.Release|ARM64.ActiveCfg = Release|Win32
		{C19868A5-6309-4D93-93B7-117780FA9427}.Release|x64.ActiveCfg = Release|x64
		{C19868A5-6309-4D93-93B7-117780FA9427}.Release|x64.Build.0 = Release|x64
		{C19868A5-6309-4D93-93B7-117780FA9427}.Release|x86.ActiveCfg = Release|Win32
		{C19868A5-6309-4D93-93B7-117780FA9427}.Release|x86.Build.0 = Release|Win32
		{9EB4E3EC-C658-43B3-8108-8C1AEBEA964F}.Debug|Any CPU.ActiveCfg = Debug|Any CPU
		{9EB4E3EC-C658-43B3-8108-8C1AEBEA964F}.Debug|Any CPU.Build.0 = Debug|Any CPU
		{9EB4E3EC-C658-43B3-8108-8C1AEBEA964F}.Debug|ARM.ActiveCfg = Debug|Any CPU
		{9EB4E3EC-C658-43B3-8108-8C1AEBEA964F}.Debug|ARM.Build.0 = Debug|Any CPU
		{9EB4E3EC-C658-43B3-8108-8C1AEBEA964F}.Debug|ARM64.ActiveCfg = Debug|Any CPU
		{9EB4E3EC-C658-43B3-8108-8C1AEBEA964F}.Debug|ARM64.Build.0 = Debug|Any CPU
		{9EB4E3EC-C658-43B3-8108-8C1AEBEA964F}.Debug|x64.ActiveCfg = Debug|Any CPU
		{9EB4E3EC-C658-43B3-8108-8C1AEBEA964F}.Debug|x64.Build.0 = Debug|Any CPU
		{9EB4E3EC-C658-43B3-8108-8C1AEBEA964F}.Debug|x86.ActiveCfg = Debug|Any CPU
		{9EB4E3EC-C658-43B3-8108-8C1AEBEA964F}.Debug|x86.Build.0 = Debug|Any CPU
		{9EB4E3EC-C658-43B3-8108-8C1AEBEA964F}.Release|Any CPU.ActiveCfg = Release|Any CPU
		{9EB4E3EC-C658-43B3-8108-8C1AEBEA964F}.Release|Any CPU.Build.0 = Release|Any CPU
		{9EB4E3EC-C658-43B3-8108-8C1AEBEA964F}.Release|ARM.ActiveCfg = Release|Any CPU
		{9EB4E3EC-C658-43B3-8108-8C1AEBEA964F}.Release|ARM.Build.0 = Release|Any CPU
		{9EB4E3EC-C658-43B3-8108-8C1AEBEA964F}.Release|ARM64.ActiveCfg = Release|Any CPU
		{9EB4E3EC-C658-43B3-8108-8C1AEBEA964F}.Release|ARM64.Build.0 = Release|Any CPU
		{9EB4E3EC-C658-43B3-8108-8C1AEBEA964F}.Release|x64.ActiveCfg = Release|Any CPU
		{9EB4E3EC-C658-43B3-8108-8C1AEBEA964F}.Release|x64.Build.0 = Release|Any CPU
		{9EB4E3EC-C658-43B3-8108-8C1AEBEA964F}.Release|x86.ActiveCfg = Release|Any CPU
		{9EB4E3EC-C658-43B3-8108-8C1AEBEA964F}.Release|x86.Build.0 = Release|Any CPU
	EndGlobalSection
	GlobalSection(SolutionProperties) = preSolution
		HideSolutionNode = FALSE
	EndGlobalSection
EndGlobal
